// !$*UTF8*$!
{
	archiveVersion = 1;
	classes = {
	};
	objectVersion = 56;
	objects = {

/* Begin PBXBuildFile section */
		28A1EEBB2CE5AA3B00D8F1C6 /* VoiceMemoAppApp.swift in Sources */ = {isa = PBXBuildFile; fileRef = 28A1EEBA2CE5AA3B00D8F1C6 /* VoiceMemoAppApp.swift */; };
		28A1EEBD2CE5AA3B00D8F1C6 /* ContentView.swift in Sources */ = {isa = PBXBuildFile; fileRef = 28A1EEBC2CE5AA3B00D8F1C6 /* ContentView.swift */; };
		28A1EEBF2CE5AA3E00D8F1C6 /* Assets.xcassets in Resources */ = {isa = PBXBuildFile; fileRef = 28A1EEBE2CE5AA3E00D8F1C6 /* Assets.xcassets */; };
		28A1EEC22CE5AA3E00D8F1C6 /* Preview Assets.xcassets in Resources */ = {isa = PBXBuildFile; fileRef = 28A1EEC12CE5AA3E00D8F1C6 /* Preview Assets.xcassets */; };
		28AB5EAB2CEB0E32001F4D83 /* VoiceMemoFolderView.swift in Sources */ = {isa = PBXBuildFile; fileRef = 28AB5EAA2CEB0E32001F4D83 /* VoiceMemoFolderView.swift */; };
		28AB5EAD2CF5B372001F4D83 /* SeekBarView.swift in Sources */ = {isa = PBXBuildFile; fileRef = 28AB5EAC2CF5B372001F4D83 /* SeekBarView.swift */; };
		28AB5EAF2CF5E0CE001F4D83 /* RecodingButtonView.swift in Sources */ = {isa = PBXBuildFile; fileRef = 28AB5EAE2CF5E0CE001F4D83 /* RecodingButtonView.swift */; };
		28B04C1C2CF9A15D004E6115 /* DeletedFolderView.swift in Sources */ = {isa = PBXBuildFile; fileRef = 28B04C1B2CF9A15D004E6115 /* DeletedFolderView.swift */; };
		28B04C202CF9B26F004E6115 /* OftenUsedFolderView.swift in Sources */ = {isa = PBXBuildFile; fileRef = 28B04C1F2CF9B26F004E6115 /* OftenUsedFolderView.swift */; };
		28E0BB582CFD8CD2000E910C /* Model.xcdatamodeld in Sources */ = {isa = PBXBuildFile; fileRef = 28E0BB562CFD8CD2000E910C /* Model.xcdatamodeld */; };
		28E0BB712CFD9F07000E910C /* Folder+CoreDataClass.swift in Sources */ = {isa = PBXBuildFile; fileRef = 28E0BB6E2CFD9F07000E910C /* Folder+CoreDataClass.swift */; };
/* End PBXBuildFile section */

/* Begin PBXFileReference section */
		28A1EEB72CE5AA3B00D8F1C6 /* VoiceMemoApp.app */ = {isa = PBXFileReference; explicitFileType = wrapper.application; includeInIndex = 0; path = VoiceMemoApp.app; sourceTree = BUILT_PRODUCTS_DIR; };
		28A1EEBA2CE5AA3B00D8F1C6 /* VoiceMemoAppApp.swift */ = {isa = PBXFileReference; lastKnownFileType = sourcecode.swift; path = VoiceMemoAppApp.swift; sourceTree = "<group>"; };
		28A1EEBC2CE5AA3B00D8F1C6 /* ContentView.swift */ = {isa = PBXFileReference; lastKnownFileType = sourcecode.swift; path = ContentView.swift; sourceTree = "<group>"; };
		28A1EEBE2CE5AA3E00D8F1C6 /* Assets.xcassets */ = {isa = PBXFileReference; lastKnownFileType = folder.assetcatalog; path = Assets.xcassets; sourceTree = "<group>"; };
		28A1EEC12CE5AA3E00D8F1C6 /* Preview Assets.xcassets */ = {isa = PBXFileReference; lastKnownFileType = folder.assetcatalog; path = "Preview Assets.xcassets"; sourceTree = "<group>"; };
		28AB5EAA2CEB0E32001F4D83 /* VoiceMemoFolderView.swift */ = {isa = PBXFileReference; lastKnownFileType = sourcecode.swift; path = VoiceMemoFolderView.swift; sourceTree = "<group>"; };
		28AB5EAC2CF5B372001F4D83 /* SeekBarView.swift */ = {isa = PBXFileReference; lastKnownFileType = sourcecode.swift; path = SeekBarView.swift; sourceTree = "<group>"; };
		28AB5EAE2CF5E0CE001F4D83 /* RecodingButtonView.swift */ = {isa = PBXFileReference; lastKnownFileType = sourcecode.swift; path = RecodingButtonView.swift; sourceTree = "<group>"; };
		28B04C1B2CF9A15D004E6115 /* DeletedFolderView.swift */ = {isa = PBXFileReference; lastKnownFileType = sourcecode.swift; path = DeletedFolderView.swift; sourceTree = "<group>"; };
		28B04C1F2CF9B26F004E6115 /* OftenUsedFolderView.swift */ = {isa = PBXFileReference; lastKnownFileType = sourcecode.swift; path = OftenUsedFolderView.swift; sourceTree = "<group>"; };
		28E0BB572CFD8CD2000E910C /* Model.xcdatamodel */ = {isa = PBXFileReference; lastKnownFileType = wrapper.xcdatamodel; path = Model.xcdatamodel; sourceTree = "<group>"; };
		28E0BB6E2CFD9F07000E910C /* Folder+CoreDataClass.swift */ = {isa = PBXFileReference; lastKnownFileType = sourcecode.swift; path = "Folder+CoreDataClass.swift"; sourceTree = "<group>"; };
/* End PBXFileReference section */

/* Begin PBXFrameworksBuildPhase section */
		28A1EEB42CE5AA3B00D8F1C6 /* Frameworks */ = {
			isa = PBXFrameworksBuildPhase;
			buildActionMask = 2147483647;
			files = (
			);
			runOnlyForDeploymentPostprocessing = 0;
		};
/* End PBXFrameworksBuildPhase section */

/* Begin PBXGroup section */
		28A1EEAE2CE5AA3B00D8F1C6 = {
			isa = PBXGroup;
			children = (
				28E0BB6E2CFD9F07000E910C /* Folder+CoreDataClass.swift */,
				28A1EEB92CE5AA3B00D8F1C6 /* VoiceMemoApp */,
				28A1EEB82CE5AA3B00D8F1C6 /* Products */,
			);
			sourceTree = "<group>";
		};
		28A1EEB82CE5AA3B00D8F1C6 /* Products */ = {
			isa = PBXGroup;
			children = (
				28A1EEB72CE5AA3B00D8F1C6 /* VoiceMemoApp.app */,
			);
			name = Products;
			sourceTree = "<group>";
		};
		28A1EEB92CE5AA3B00D8F1C6 /* VoiceMemoApp */ = {
			isa = PBXGroup;
			children = (
				28A1EEBA2CE5AA3B00D8F1C6 /* VoiceMemoAppApp.swift */,
				28AB5EA92CE772E4001F4D83 /* View */,
				28A1EEBE2CE5AA3E00D8F1C6 /* Assets.xcassets */,
				28E0BB522CFD8A27000E910C /* DataServises */,
				28A1EEC02CE5AA3E00D8F1C6 /* Preview Content */,
			);
			path = VoiceMemoApp;
			sourceTree = "<group>";
		};
		28A1EEC02CE5AA3E00D8F1C6 /* Preview Content */ = {
			isa = PBXGroup;
			children = (
				28A1EEC12CE5AA3E00D8F1C6 /* Preview Assets.xcassets */,
			);
			path = "Preview Content";
			sourceTree = "<group>";
		};
		28AB5EA92CE772E4001F4D83 /* View */ = {
			isa = PBXGroup;
			children = (
				28A1EEBC2CE5AA3B00D8F1C6 /* ContentView.swift */,
				28AB5EAA2CEB0E32001F4D83 /* VoiceMemoFolderView.swift */,
				28AB5EAC2CF5B372001F4D83 /* SeekBarView.swift */,
				28AB5EAE2CF5E0CE001F4D83 /* RecodingButtonView.swift */,
				28B04C1B2CF9A15D004E6115 /* DeletedFolderView.swift */,
				28B04C1F2CF9B26F004E6115 /* OftenUsedFolderView.swift */,
			);
			path = View;
			sourceTree = "<group>";
		};
		28E0BB522CFD8A27000E910C /* DataServises */ = {
			isa = PBXGroup;
			children = (
				28E0BB562CFD8CD2000E910C /* Model.xcdatamodeld */,
			);
			path = DataServises;
			sourceTree = "<group>";
		};
/* End PBXGroup section */

/* Begin PBXNativeTarget section */
		28A1EEB62CE5AA3B00D8F1C6 /* VoiceMemoApp */ = {
			isa = PBXNativeTarget;
			buildConfigurationList = 28A1EEC52CE5AA3E00D8F1C6 /* Build configuration list for PBXNativeTarget "VoiceMemoApp" */;
			buildPhases = (
				28A1EEB32CE5AA3B00D8F1C6 /* Sources */,
				28A1EEB42CE5AA3B00D8F1C6 /* Frameworks */,
				28A1EEB52CE5AA3B00D8F1C6 /* Resources */,
			);
			buildRules = (
			);
			dependencies = (
			);
			name = VoiceMemoApp;
			productName = VoiceMemoApp;
			productReference = 28A1EEB72CE5AA3B00D8F1C6 /* VoiceMemoApp.app */;
			productType = "com.apple.product-type.application";
		};
/* End PBXNativeTarget section */

/* Begin PBXProject section */
		28A1EEAF2CE5AA3B00D8F1C6 /* Project object */ = {
			isa = PBXProject;
			attributes = {
				BuildIndependentTargetsInParallel = 1;
				LastSwiftUpdateCheck = 1520;
				LastUpgradeCheck = 1520;
				TargetAttributes = {
					28A1EEB62CE5AA3B00D8F1C6 = {
						CreatedOnToolsVersion = 15.2;
					};
				};
			};
			buildConfigurationList = 28A1EEB22CE5AA3B00D8F1C6 /* Build configuration list for PBXProject "VoiceMemoApp" */;
			compatibilityVersion = "Xcode 14.0";
			developmentRegion = en;
			hasScannedForEncodings = 0;
			knownRegions = (
				en,
				Base,
			);
			mainGroup = 28A1EEAE2CE5AA3B00D8F1C6;
			productRefGroup = 28A1EEB82CE5AA3B00D8F1C6 /* Products */;
			projectDirPath = "";
			projectRoot = "";
			targets = (
				28A1EEB62CE5AA3B00D8F1C6 /* VoiceMemoApp */,
			);
		};
/* End PBXProject section */

/* Begin PBXResourcesBuildPhase section */
		28A1EEB52CE5AA3B00D8F1C6 /* Resources */ = {
			isa = PBXResourcesBuildPhase;
			buildActionMask = 2147483647;
			files = (
				28A1EEC22CE5AA3E00D8F1C6 /* Preview Assets.xcassets in Resources */,
				28A1EEBF2CE5AA3E00D8F1C6 /* Assets.xcassets in Resources */,
			);
			runOnlyForDeploymentPostprocessing = 0;
		};
/* End PBXResourcesBuildPhase section */

/* Begin PBXSourcesBuildPhase section */
		28A1EEB32CE5AA3B00D8F1C6 /* Sources */ = {
			isa = PBXSourcesBuildPhase;
			buildActionMask = 2147483647;
			files = (
				28AB5EAD2CF5B372001F4D83 /* SeekBarView.swift in Sources */,
				28A1EEBD2CE5AA3B00D8F1C6 /* ContentView.swift in Sources */,
				28A1EEBB2CE5AA3B00D8F1C6 /* VoiceMemoAppApp.swift in Sources */,
				28AB5EAB2CEB0E32001F4D83 /* VoiceMemoFolderView.swift in Sources */,
				28B04C202CF9B26F004E6115 /* OftenUsedFolderView.swift in Sources */,
				28E0BB712CFD9F07000E910C /* Folder+CoreDataClass.swift in Sources */,
				28B04C1C2CF9A15D004E6115 /* DeletedFolderView.swift in Sources */,
				28E0BB582CFD8CD2000E910C /* Model.xcdatamodeld in Sources */,
				28AB5EAF2CF5E0CE001F4D83 /* RecodingButtonView.swift in Sources */,
			);
			runOnlyForDeploymentPostprocessing = 0;
		};
/* End PBXSourcesBuildPhase section */

/* Begin XCBuildConfiguration section */
		28A1EEC32CE5AA3E00D8F1C6 /* Debug */ = {
			isa = XCBuildConfiguration;
			buildSettings = {
				ALWAYS_SEARCH_USER_PATHS = NO;
				ASSETCATALOG_COMPILER_GENERATE_SWIFT_ASSET_SYMBOL_EXTENSIONS = YES;
				CLANG_ANALYZER_NONNULL = YES;
				CLANG_ANALYZER_NUMBER_OBJECT_CONVERSION = YES_AGGRESSIVE;
				CLANG_CXX_LANGUAGE_STANDARD = "gnu++20";
				CLANG_ENABLE_MODULES = YES;
				CLANG_ENABLE_OBJC_ARC = YES;
				CLANG_ENABLE_OBJC_WEAK = YES;
				CLANG_WARN_BLOCK_CAPTURE_AUTORELEASING = YES;
				CLANG_WARN_BOOL_CONVERSION = YES;
				CLANG_WARN_COMMA = YES;
				CLANG_WARN_CONSTANT_CONVERSION = YES;
				CLANG_WARN_DEPRECATED_OBJC_IMPLEMENTATIONS = YES;
				CLANG_WARN_DIRECT_OBJC_ISA_USAGE = YES_ERROR;
				CLANG_WARN_DOCUMENTATION_COMMENTS = YES;
				CLANG_WARN_EMPTY_BODY = YES;
				CLANG_WARN_ENUM_CONVERSION = YES;
				CLANG_WARN_INFINITE_RECURSION = YES;
				CLANG_WARN_INT_CONVERSION = YES;
				CLANG_WARN_NON_LITERAL_NULL_CONVERSION = YES;
				CLANG_WARN_OBJC_IMPLICIT_RETAIN_SELF = YES;
				CLANG_WARN_OBJC_LITERAL_CONVERSION = YES;
				CLANG_WARN_OBJC_ROOT_CLASS = YES_ERROR;
				CLANG_WARN_QUOTED_INCLUDE_IN_FRAMEWORK_HEADER = YES;
				CLANG_WARN_RANGE_LOOP_ANALYSIS = YES;
				CLANG_WARN_STRICT_PROTOTYPES = YES;
				CLANG_WARN_SUSPICIOUS_MOVE = YES;
				CLANG_WARN_UNGUARDED_AVAILABILITY = YES_AGGRESSIVE;
				CLANG_WARN_UNREACHABLE_CODE = YES;
				CLANG_WARN__DUPLICATE_METHOD_MATCH = YES;
				COPY_PHASE_STRIP = NO;
				DEBUG_INFORMATION_FORMAT = dwarf;
				ENABLE_STRICT_OBJC_MSGSEND = YES;
				ENABLE_TESTABILITY = YES;
				ENABLE_USER_SCRIPT_SANDBOXING = YES;
				GCC_C_LANGUAGE_STANDARD = gnu17;
				GCC_DYNAMIC_NO_PIC = NO;
				GCC_NO_COMMON_BLOCKS = YES;
				GCC_OPTIMIZATION_LEVEL = 0;
				GCC_PREPROCESSOR_DEFINITIONS = (
					"DEBUG=1",
					"$(inherited)",
				);
				GCC_WARN_64_TO_32_BIT_CONVERSION = YES;
				GCC_WARN_ABOUT_RETURN_TYPE = YES_ERROR;
				GCC_WARN_UNDECLARED_SELECTOR = YES;
				GCC_WARN_UNINITIALIZED_AUTOS = YES_AGGRESSIVE;
				GCC_WARN_UNUSED_FUNCTION = YES;
				GCC_WARN_UNUSED_VARIABLE = YES;
				IPHONEOS_DEPLOYMENT_TARGET = 17.2;
				LOCALIZATION_PREFERS_STRING_CATALOGS = YES;
				MTL_ENABLE_DEBUG_INFO = INCLUDE_SOURCE;
				MTL_FAST_MATH = YES;
				ONLY_ACTIVE_ARCH = YES;
				SDKROOT = iphoneos;
				SWIFT_ACTIVE_COMPILATION_CONDITIONS = "DEBUG $(inherited)";
				SWIFT_OPTIMIZATION_LEVEL = "-Onone";
			};
			name = Debug;
		};
		28A1EEC42CE5AA3E00D8F1C6 /* Release */ = {
			isa = XCBuildConfiguration;
			buildSettings = {
				ALWAYS_SEARCH_USER_PATHS = NO;
				ASSETCATALOG_COMPILER_GENERATE_SWIFT_ASSET_SYMBOL_EXTENSIONS = YES;
				CLANG_ANALYZER_NONNULL = YES;
				CLANG_ANALYZER_NUMBER_OBJECT_CONVERSION = YES_AGGRESSIVE;
				CLANG_CXX_LANGUAGE_STANDARD = "gnu++20";
				CLANG_ENABLE_MODULES = YES;
				CLANG_ENABLE_OBJC_ARC = YES;
				CLANG_ENABLE_OBJC_WEAK = YES;
				CLANG_WARN_BLOCK_CAPTURE_AUTORELEASING = YES;
				CLANG_WARN_BOOL_CONVERSION = YES;
				CLANG_WARN_COMMA = YES;
				CLANG_WARN_CONSTANT_CONVERSION = YES;
				CLANG_WARN_DEPRECATED_OBJC_IMPLEMENTATIONS = YES;
				CLANG_WARN_DIRECT_OBJC_ISA_USAGE = YES_ERROR;
				CLANG_WARN_DOCUMENTATION_COMMENTS = YES;
				CLANG_WARN_EMPTY_BODY = YES;
				CLANG_WARN_ENUM_CONVERSION = YES;
				CLANG_WARN_INFINITE_RECURSION = YES;
				CLANG_WARN_INT_CONVERSION = YES;
				CLANG_WARN_NON_LITERAL_NULL_CONVERSION = YES;
				CLANG_WARN_OBJC_IMPLICIT_RETAIN_SELF = YES;
				CLANG_WARN_OBJC_LITERAL_CONVERSION = YES;
				CLANG_WARN_OBJC_ROOT_CLASS = YES_ERROR;
				CLANG_WARN_QUOTED_INCLUDE_IN_FRAMEWORK_HEADER = YES;
				CLANG_WARN_RANGE_LOOP_ANALYSIS = YES;
				CLANG_WARN_STRICT_PROTOTYPES = YES;
				CLANG_WARN_SUSPICIOUS_MOVE = YES;
				CLANG_WARN_UNGUARDED_AVAILABILITY = YES_AGGRESSIVE;
				CLANG_WARN_UNREACHABLE_CODE = YES;
				CLANG_WARN__DUPLICATE_METHOD_MATCH = YES;
				COPY_PHASE_STRIP = NO;
				DEBUG_INFORMATION_FORMAT = "dwarf-with-dsym";
				ENABLE_NS_ASSERTIONS = NO;
				ENABLE_STRICT_OBJC_MSGSEND = YES;
				ENABLE_USER_SCRIPT_SANDBOXING = YES;
				GCC_C_LANGUAGE_STANDARD = gnu17;
				GCC_NO_COMMON_BLOCKS = YES;
				GCC_WARN_64_TO_32_BIT_CONVERSION = YES;
				GCC_WARN_ABOUT_RETURN_TYPE = YES_ERROR;
				GCC_WARN_UNDECLARED_SELECTOR = YES;
				GCC_WARN_UNINITIALIZED_AUTOS = YES_AGGRESSIVE;
				GCC_WARN_UNUSED_FUNCTION = YES;
				GCC_WARN_UNUSED_VARIABLE = YES;
				IPHONEOS_DEPLOYMENT_TARGET = 17.2;
				LOCALIZATION_PREFERS_STRING_CATALOGS = YES;
				MTL_ENABLE_DEBUG_INFO = NO;
				MTL_FAST_MATH = YES;
				SDKROOT = iphoneos;
				SWIFT_COMPILATION_MODE = wholemodule;
				VALIDATE_PRODUCT = YES;
			};
			name = Release;
		};
		28A1EEC62CE5AA3E00D8F1C6 /* Debug */ = {
			isa = XCBuildConfiguration;
			buildSettings = {
				ASSETCATALOG_COMPILER_APPICON_NAME = AppIcon;
				ASSETCATALOG_COMPILER_GLOBAL_ACCENT_COLOR_NAME = AccentColor;
				CODE_SIGN_STYLE = Automatic;
				CURRENT_PROJECT_VERSION = 1;
				DEVELOPMENT_ASSET_PATHS = "\"VoiceMemoApp/Preview Content\"";
				ENABLE_PREVIEWS = YES;
				GENERATE_INFOPLIST_FILE = YES;
				INFOPLIST_KEY_UIApplicationSceneManifest_Generation = YES;
				INFOPLIST_KEY_UIApplicationSupportsIndirectInputEvents = YES;
				INFOPLIST_KEY_UILaunchScreen_Generation = YES;
				INFOPLIST_KEY_UISupportedInterfaceOrientations_iPad = "UIInterfaceOrientationPortrait UIInterfaceOrientationPortraitUpsideDown UIInterfaceOrientationLandscapeLeft UIInterfaceOrientationLandscapeRight";
				INFOPLIST_KEY_UISupportedInterfaceOrientations_iPhone = "UIInterfaceOrientationPortrait UIInterfaceOrientationLandscapeLeft UIInterfaceOrientationLandscapeRight";
				LD_RUNPATH_SEARCH_PATHS = (
					"$(inherited)",
					"@executable_path/Frameworks",
				);
				MARKETING_VERSION = 1.0;
				PRODUCT_BUNDLE_IDENTIFIER = "com.au.uparupa-1029.VoiceMemoApp";
				PRODUCT_NAME = "$(TARGET_NAME)";
				SWIFT_EMIT_LOC_STRINGS = YES;
				SWIFT_VERSION = 5.0;
				TARGETED_DEVICE_FAMILY = "1,2";
			};
			name = Debug;
		};
		28A1EEC72CE5AA3E00D8F1C6 /* Release */ = {
			isa = XCBuildConfiguration;
			buildSettings = {
				ASSETCATALOG_COMPILER_APPICON_NAME = AppIcon;
				ASSETCATALOG_COMPILER_GLOBAL_ACCENT_COLOR_NAME = AccentColor;
				CODE_SIGN_STYLE = Automatic;
				CURRENT_PROJECT_VERSION = 1;
				DEVELOPMENT_ASSET_PATHS = "\"VoiceMemoApp/Preview Content\"";
				ENABLE_PREVIEWS = YES;
				GENERATE_INFOPLIST_FILE = YES;
				INFOPLIST_KEY_UIApplicationSceneManifest_Generation = YES;
				INFOPLIST_KEY_UIApplicationSupportsIndirectInputEvents = YES;
				INFOPLIST_KEY_UILaunchScreen_Generation = YES;
				INFOPLIST_KEY_UISupportedInterfaceOrientations_iPad = "UIInterfaceOrientationPortrait UIInterfaceOrientationPortraitUpsideDown UIInterfaceOrientationLandscapeLeft UIInterfaceOrientationLandscapeRight";
				INFOPLIST_KEY_UISupportedInterfaceOrientations_iPhone = "UIInterfaceOrientationPortrait UIInterfaceOrientationLandscapeLeft UIInterfaceOrientationLandscapeRight";
				LD_RUNPATH_SEARCH_PATHS = (
					"$(inherited)",
					"@executable_path/Frameworks",
				);
				MARKETING_VERSION = 1.0;
				PRODUCT_BUNDLE_IDENTIFIER = "com.au.uparupa-1029.VoiceMemoApp";
				PRODUCT_NAME = "$(TARGET_NAME)";
				SWIFT_EMIT_LOC_STRINGS = YES;
				SWIFT_VERSION = 5.0;
				TARGETED_DEVICE_FAMILY = "1,2";
			};
			name = Release;
		};
/* End XCBuildConfiguration section */

/* Begin XCConfigurationList section */
		28A1EEB22CE5AA3B00D8F1C6 /* Build configuration list for PBXProject "VoiceMemoApp" */ = {
			isa = XCConfigurationList;
			buildConfigurations = (
				28A1EEC32CE5AA3E00D8F1C6 /* Debug */,
				28A1EEC42CE5AA3E00D8F1C6 /* Release */,
			);
			defaultConfigurationIsVisible = 0;
			defaultConfigurationName = Release;
		};
		28A1EEC52CE5AA3E00D8F1C6 /* Build configuration list for PBXNativeTarget "VoiceMemoApp" */ = {
			isa = XCConfigurationList;
			buildConfigurations = (
				28A1EEC62CE5AA3E00D8F1C6 /* Debug */,
				28A1EEC72CE5AA3E00D8F1C6 /* Release */,
			);
			defaultConfigurationIsVisible = 0;
			defaultConfigurationName = Release;
		};
/* End XCConfigurationList section */

/* Begin XCVersionGroup section */
		28E0BB562CFD8CD2000E910C /* Model.xcdatamodeld */ = {
			isa = XCVersionGroup;
			children = (
				28E0BB572CFD8CD2000E910C /* Model.xcdatamodel */,
			);
			currentVersion = 28E0BB572CFD8CD2000E910C /* Model.xcdatamodel */;
			path = Model.xcdatamodeld;
			sourceTree = "<group>";
			versionGroupType = wrapper.xcdatamodel;
		};
/* End XCVersionGroup section */
	};
	rootObject = 28A1EEAF2CE5AA3B00D8F1C6 /* Project object */;
}
